
Microsoft Visual Studio Solution File, Format Version 12.00
# Visual Studio Version 16
VisualStudioVersion = 16.0.29806.167
MinimumVisualStudioVersion = 10.0.40219.1
Project("{FAE04EC0-301F-11D3-BF4B-00C04F79EFBC}") = "InventorySystem", "InventorySystem.csproj", "{14496EA6-11BC-49B7-9E6C-BAB6F26F0CA4}"
EndProject
Global
	GlobalSection(SolutionConfigurationPlatforms) = preSolution
		Debug|Any CPU = Debug|Any CPU
		Release|Any CPU = Release|Any CPU
	EndGlobalSection
	GlobalSection(ProjectConfigurationPlatforms) = postSolution
		{14496EA6-11BC-49B7-9E6C-BAB6F26F0CA4}.Debug|Any CPU.ActiveCfg = Debug|Any CPU
		{14496EA6-11BC-49B7-9E6C-BAB6F26F0CA4}.Debug|Any CPU.Build.0 = Debug|Any CPU
		{14496EA6-11BC-49B7-9E6C-BAB6F26F0CA4}.Release|Any CPU.ActiveCfg = Release|Any CPU
		{14496EA6-11BC-49B7-9E6C-BAB6F26F0CA4}.Release|Any CPU.Build.0 = Release|Any CPU
	EndGlobalSection
	GlobalSection(SolutionProperties) = preSolution
		HideSolutionNode = FALSE
	EndGlobalSection
	GlobalSection(ExtensibilityGlobals) = postSolution
		SolutionGuid = {8FE714A9-7DEB-46AD-AA3A-0AEA246E90C1}
	EndGlobalSection
EndGlobal
